// !$*UTF8*$!
{
	archiveVersion = 1;
	classes = {
	};
	objectVersion = 55;
	objects = {

/* Begin PBXBuildFile section */
		12751EB1276B878D001F3A4A /* SPScApp.swift in Sources */ = {isa = PBXBuildFile; fileRef = 12751EB0276B878D001F3A4A /* SPScApp.swift */; };
		12751EB3276B878D001F3A4A /* ContentView.swift in Sources */ = {isa = PBXBuildFile; fileRef = 12751EB2276B878D001F3A4A /* ContentView.swift */; };
		12751EB5276B878F001F3A4A /* Assets.xcassets in Resources */ = {isa = PBXBuildFile; fileRef = 12751EB4276B878F001F3A4A /* Assets.xcassets */; };
		12751EB8276B878F001F3A4A /* Preview Assets.xcassets in Resources */ = {isa = PBXBuildFile; fileRef = 12751EB7276B878F001F3A4A /* Preview Assets.xcassets */; };
		12751EC2276B878F001F3A4A /* SPScTests.swift in Sources */ = {isa = PBXBuildFile; fileRef = 12751EC1276B878F001F3A4A /* SPScTests.swift */; };
		12751ECC276B878F001F3A4A /* SPScUITests.swift in Sources */ = {isa = PBXBuildFile; fileRef = 12751ECB276B878F001F3A4A /* SPScUITests.swift */; };
		12751ECE276B878F001F3A4A /* SPScUITestsLaunchTests.swift in Sources */ = {isa = PBXBuildFile; fileRef = 12751ECD276B878F001F3A4A /* SPScUITestsLaunchTests.swift */; };
/* End PBXBuildFile section */

/* Begin PBXContainerItemProxy section */
		12751EBE276B878F001F3A4A /* PBXContainerItemProxy */ = {
			isa = PBXContainerItemProxy;
			containerPortal = 12751EA5276B878D001F3A4A /* Project object */;
			proxyType = 1;
			remoteGlobalIDString = 12751EAC276B878D001F3A4A;
			remoteInfo = SPSc;
		};
		12751EC8276B878F001F3A4A /* PBXContainerItemProxy */ = {
			isa = PBXContainerItemProxy;
			containerPortal = 12751EA5276B878D001F3A4A /* Project object */;
			proxyType = 1;
			remoteGlobalIDString = 12751EAC276B878D001F3A4A;
			remoteInfo = SPSc;
		};
/* End PBXContainerItemProxy section */

/* Begin PBXFileReference section */
		12751EAD276B878D001F3A4A /* SPSc.app */ = {isa = PBXFileReference; explicitFileType = wrapper.application; includeInIndex = 0; path = SPSc.app; sourceTree = BUILT_PRODUCTS_DIR; };
		12751EB0276B878D001F3A4A /* SPScApp.swift */ = {isa = PBXFileReference; lastKnownFileType = sourcecode.swift; path = SPScApp.swift; sourceTree = "<group>"; };
		12751EB2276B878D001F3A4A /* ContentView.swift */ = {isa = PBXFileReference; lastKnownFileType = sourcecode.swift; path = ContentView.swift; sourceTree = "<group>"; };
		12751EB4276B878F001F3A4A /* Assets.xcassets */ = {isa = PBXFileReference; lastKnownFileType = folder.assetcatalog; path = Assets.xcassets; sourceTree = "<group>"; };
		12751EB7276B878F001F3A4A /* Preview Assets.xcassets */ = {isa = PBXFileReference; lastKnownFileType = folder.assetcatalog; path = "Preview Assets.xcassets"; sourceTree = "<group>"; };
		12751EBD276B878F001F3A4A /* SPScTests.xctest */ = {isa = PBXFileReference; explicitFileType = wrapper.cfbundle; includeInIndex = 0; path = SPScTests.xctest; sourceTree = BUILT_PRODUCTS_DIR; };
		12751EC1276B878F001F3A4A /* SPScTests.swift */ = {isa = PBXFileReference; lastKnownFileType = sourcecode.swift; path = SPScTests.swift; sourceTree = "<group>"; };
		12751EC7276B878F001F3A4A /* SPScUITests.xctest */ = {isa = PBXFileReference; explicitFileType = wrapper.cfbundle; includeInIndex = 0; path = SPScUITests.xctest; sourceTree = BUILT_PRODUCTS_DIR; };
		12751ECB276B878F001F3A4A /* SPScUITests.swift */ = {isa = PBXFileReference; lastKnownFileType = sourcecode.swift; path = SPScUITests.swift; sourceTree = "<group>"; };
		12751ECD276B878F001F3A4A /* SPScUITestsLaunchTests.swift */ = {isa = PBXFileReference; lastKnownFileType = sourcecode.swift; path = SPScUITestsLaunchTests.swift; sourceTree = "<group>"; };
/* End PBXFileReference section */

/* Begin PBXFrameworksBuildPhase section */
		12751EAA276B878D001F3A4A /* Frameworks */ = {
			isa = PBXFrameworksBuildPhase;
			buildActionMask = 2147483647;
			files = (
			);
			runOnlyForDeploymentPostprocessing = 0;
		};
		12751EBA276B878F001F3A4A /* Frameworks */ = {
			isa = PBXFrameworksBuildPhase;
			buildActionMask = 2147483647;
			files = (
			);
			runOnlyForDeploymentPostprocessing = 0;
		};
		12751EC4276B878F001F3A4A /* Frameworks */ = {
			isa = PBXFrameworksBuildPhase;
			buildActionMask = 2147483647;
			files = (
			);
			runOnlyForDeploymentPostprocessing = 0;
		};
/* End PBXFrameworksBuildPhase section */

/* Begin PBXGroup section */
		12751EA4276B878D001F3A4A = {
			isa = PBXGroup;
			children = (
				12751EAF276B878D001F3A4A /* SPSc */,
				12751EC0276B878F001F3A4A /* SPScTests */,
				12751ECA276B878F001F3A4A /* SPScUITests */,
				12751EAE276B878D001F3A4A /* Products */,
			);
			sourceTree = "<group>";
		};
		12751EAE276B878D001F3A4A /* Products */ = {
			isa = PBXGroup;
			children = (
				12751EAD276B878D001F3A4A /* SPSc.app */,
				12751EBD276B878F001F3A4A /* SPScTests.xctest */,
				12751EC7276B878F001F3A4A /* SPScUITests.xctest */,
			);
			name = Products;
			sourceTree = "<group>";
		};
		12751EAF276B878D001F3A4A /* SPSc */ = {
			isa = PBXGroup;
			children = (
				12751EB0276B878D001F3A4A /* SPScApp.swift */,
				12751EB2276B878D001F3A4A /* ContentView.swift */,
				12751EB4276B878F001F3A4A /* Assets.xcassets */,
				12751EB6276B878F001F3A4A /* Preview Content */,
			);
			path = SPSc;
			sourceTree = "<group>";
		};
		12751EB6276B878F001F3A4A /* Preview Content */ = {
			isa = PBXGroup;
			children = (
				12751EB7276B878F001F3A4A /* Preview Assets.xcassets */,
			);
			path = "Preview Content";
			sourceTree = "<group>";
		};
		12751EC0276B878F001F3A4A /* SPScTests */ = {
			isa = PBXGroup;
			children = (
				12751EC1276B878F001F3A4A /* SPScTests.swift */,
			);
			path = SPScTests;
			sourceTree = "<group>";
		};
		12751ECA276B878F001F3A4A /* SPScUITests */ = {
			isa = PBXGroup;
			children = (
				12751ECB276B878F001F3A4A /* SPScUITests.swift */,
				12751ECD276B878F001F3A4A /* SPScUITestsLaunchTests.swift */,
			);
			path = SPScUITests;
			sourceTree = "<group>";
		};
/* End PBXGroup section */

/* Begin PBXNativeTarget section */
		12751EAC276B878D001F3A4A /* SPSc */ = {
			isa = PBXNativeTarget;
			buildConfigurationList = 12751ED1276B878F001F3A4A /* Build configuration list for PBXNativeTarget "SPSc" */;
			buildPhases = (
				12751EA9276B878D001F3A4A /* Sources */,
				12751EAA276B878D001F3A4A /* Frameworks */,
				12751EAB276B878D001F3A4A /* Resources */,
			);
			buildRules = (
			);
			dependencies = (
			);
			name = SPSc;
			productName = SPSc;
			productReference = 12751EAD276B878D001F3A4A /* SPSc.app */;
			productType = "com.apple.product-type.application";
		};
		12751EBC276B878F001F3A4A /* SPScTests */ = {
			isa = PBXNativeTarget;
			buildConfigurationList = 12751ED4276B878F001F3A4A /* Build configuration list for PBXNativeTarget "SPScTests" */;
			buildPhases = (
				12751EB9276B878F001F3A4A /* Sources */,
				12751EBA276B878F001F3A4A /* Frameworks */,
				12751EBB276B878F001F3A4A /* Resources */,
			);
			buildRules = (
			);
			dependencies = (
				12751EBF276B878F001F3A4A /* PBXTargetDependency */,
			);
			name = SPScTests;
			productName = SPScTests;
			productReference = 12751EBD276B878F001F3A4A /* SPScTests.xctest */;
			productType = "com.apple.product-type.bundle.unit-test";
		};
		12751EC6276B878F001F3A4A /* SPScUITests */ = {
			isa = PBXNativeTarget;
			buildConfigurationList = 12751ED7276B878F001F3A4A /* Build configuration list for PBXNativeTarget "SPScUITests" */;
			buildPhases = (
				12751EC3276B878F001F3A4A /* Sources */,
				12751EC4276B878F001F3A4A /* Frameworks */,
				12751EC5276B878F001F3A4A /* Resources */,
			);
			buildRules = (
			);
			dependencies = (
				12751EC9276B878F001F3A4A /* PBXTargetDependency */,
			);
			name = SPScUITests;
			productName = SPScUITests;
			productReference = 12751EC7276B878F001F3A4A /* SPScUITests.xctest */;
			productType = "com.apple.product-type.bundle.ui-testing";
		};
/* End PBXNativeTarget section */

/* Begin PBXProject section */
		12751EA5276B878D001F3A4A /* Project object */ = {
			isa = PBXProject;
			attributes = {
				BuildIndependentTargetsInParallel = 1;
				LastSwiftUpdateCheck = 1310;
				LastUpgradeCheck = 1310;
				TargetAttributes = {
					12751EAC276B878D001F3A4A = {
						CreatedOnToolsVersion = 13.1;
					};
					12751EBC276B878F001F3A4A = {
						CreatedOnToolsVersion = 13.1;
						TestTargetID = 12751EAC276B878D001F3A4A;
					};
					12751EC6276B878F001F3A4A = {
						CreatedOnToolsVersion = 13.1;
						TestTargetID = 12751EAC276B878D001F3A4A;
					};
				};
			};
			buildConfigurationList = 12751EA8276B878D001F3A4A /* Build configuration list for PBXProject "SPSc" */;
			compatibilityVersion = "Xcode 13.0";
			developmentRegion = en;
			hasScannedForEncodings = 0;
			knownRegions = (
				en,
				Base,
			);
			mainGroup = 12751EA4276B878D001F3A4A;
			productRefGroup = 12751EAE276B878D001F3A4A /* Products */;
			projectDirPath = "";
			projectRoot = "";
			targets = (
				12751EAC276B878D001F3A4A /* SPSc */,
				12751EBC276B878F001F3A4A /* SPScTests */,
				12751EC6276B878F001F3A4A /* SPScUITests */,
			);
		};
/* End PBXProject section */

/* Begin PBXResourcesBuildPhase section */
		12751EAB276B878D001F3A4A /* Resources */ = {
			isa = PBXResourcesBuildPhase;
			buildActionMask = 2147483647;
			files = (
				12751EB8276B878F001F3A4A /* Preview Assets.xcassets in Resources */,
				12751EB5276B878F001F3A4A /* Assets.xcassets in Resources */,
			);
			runOnlyForDeploymentPostprocessing = 0;
		};
		12751EBB276B878F001F3A4A /* Resources */ = {
			isa = PBXResourcesBuildPhase;
			buildActionMask = 2147483647;
			files = (
			);
			runOnlyForDeploymentPostprocessing = 0;
		};
		12751EC5276B878F001F3A4A /* Resources */ = {
			isa = PBXResourcesBuildPhase;
			buildActionMask = 2147483647;
			files = (
			);
			runOnlyForDeploymentPostprocessing = 0;
		};
/* End PBXResourcesBuildPhase section */

/* Begin PBXSourcesBuildPhase section */
		12751EA9276B878D001F3A4A /* Sources */ = {
			isa = PBXSourcesBuildPhase;
			buildActionMask = 2147483647;
			files = (
				12751EB3276B878D001F3A4A /* ContentView.swift in Sources */,
				12751EB1276B878D001F3A4A /* SPScApp.swift in Sources */,
			);
			runOnlyForDeploymentPostprocessing = 0;
		};
		12751EB9276B878F001F3A4A /* Sources */ = {
			isa = PBXSourcesBuildPhase;
			buildActionMask = 2147483647;
			files = (
				12751EC2276B878F001F3A4A /* SPScTests.swift in Sources */,
			);
			runOnlyForDeploymentPostprocessing = 0;
		};
		12751EC3276B878F001F3A4A /* Sources */ = {
			isa = PBXSourcesBuildPhase;
			buildActionMask = 2147483647;
			files = (
				12751ECC276B878F001F3A4A /* SPScUITests.swift in Sources */,
				12751ECE276B878F001F3A4A /* SPScUITestsLaunchTests.swift in Sources */,
			);
			runOnlyForDeploymentPostprocessing = 0;
		};
/* End PBXSourcesBuildPhase section */

/* Begin PBXTargetDependency section */
		12751EBF276B878F001F3A4A /* PBXTargetDependency */ = {
			isa = PBXTargetDependency;
			target = 12751EAC276B878D001F3A4A /* SPSc */;
			targetProxy = 12751EBE276B878F001F3A4A /* PBXContainerItemProxy */;
		};
		12751EC9276B878F001F3A4A /* PBXTargetDependency */ = {
			isa = PBXTargetDependency;
			target = 12751EAC276B878D001F3A4A /* SPSc */;
			targetProxy = 12751EC8276B878F001F3A4A /* PBXContainerItemProxy */;
		};
/* End PBXTargetDependency section */

/* Begin XCBuildConfiguration section */
		12751ECF276B878F001F3A4A /* Debug */ = {
			isa = XCBuildConfiguration;
			buildSettings = {
				ALWAYS_SEARCH_USER_PATHS = NO;
				CLANG_ANALYZER_NONNULL = YES;
				CLANG_ANALYZER_NUMBER_OBJECT_CONVERSION = YES_AGGRESSIVE;
				CLANG_CXX_LANGUAGE_STANDARD = "gnu++17";
				CLANG_CXX_LIBRARY = "libc++";
				CLANG_ENABLE_MODULES = YES;
				CLANG_ENABLE_OBJC_ARC = YES;
				CLANG_ENABLE_OBJC_WEAK = YES;
				CLANG_WARN_BLOCK_CAPTURE_AUTORELEASING = YES;
				CLANG_WARN_BOOL_CONVERSION = YES;
				CLANG_WARN_COMMA = YES;
				CLANG_WARN_CONSTANT_CONVERSION = YES;
				CLANG_WARN_DEPRECATED_OBJC_IMPLEMENTATIONS = YES;
				CLANG_WARN_DIRECT_OBJC_ISA_USAGE = YES_ERROR;
				CLANG_WARN_DOCUMENTATION_COMMENTS = YES;
				CLANG_WARN_EMPTY_BODY = YES;
				CLANG_WARN_ENUM_CONVERSION = YES;
				CLANG_WARN_INFINITE_RECURSION = YES;
				CLANG_WARN_INT_CONVERSION = YES;
				CLANG_WARN_NON_LITERAL_NULL_CONVERSION = YES;
				CLANG_WARN_OBJC_IMPLICIT_RETAIN_SELF = YES;
				CLANG_WARN_OBJC_LITERAL_CONVERSION = YES;
				CLANG_WARN_OBJC_ROOT_CLASS = YES_ERROR;
				CLANG_WARN_QUOTED_INCLUDE_IN_FRAMEWORK_HEADER = YES;
				CLANG_WARN_RANGE_LOOP_ANALYSIS = YES;
				CLANG_WARN_STRICT_PROTOTYPES = YES;
				CLANG_WARN_SUSPICIOUS_MOVE = YES;
				CLANG_WARN_UNGUARDED_AVAILABILITY = YES_AGGRESSIVE;
				CLANG_WARN_UNREACHABLE_CODE = YES;
				CLANG_WARN__DUPLICATE_METHOD_MATCH = YES;
				COPY_PHASE_STRIP = NO;
				DEBUG_INFORMATION_FORMAT = dwarf;
				ENABLE_STRICT_OBJC_MSGSEND = YES;
				ENABLE_TESTABILITY = YES;
				GCC_C_LANGUAGE_STANDARD = gnu11;
				GCC_DYNAMIC_NO_PIC = NO;
				GCC_NO_COMMON_BLOCKS = YES;
				GCC_OPTIMIZATION_LEVEL = 0;
				GCC_PREPROCESSOR_DEFINITIONS = (
					"DEBUG=1",
					"$(inherited)",
				);
				GCC_WARN_64_TO_32_BIT_CONVERSION = YES;
				GCC_WARN_ABOUT_RETURN_TYPE = YES_ERROR;
				GCC_WARN_UNDECLARED_SELECTOR = YES;
				GCC_WARN_UNINITIALIZED_AUTOS = YES_AGGRESSIVE;
				GCC_WARN_UNUSED_FUNCTION = YES;
				GCC_WARN_UNUSED_VARIABLE = YES;
				IPHONEOS_DEPLOYMENT_TARGET = 15.0;
				MTL_ENABLE_DEBUG_INFO = INCLUDE_SOURCE;
				MTL_FAST_MATH = YES;
				ONLY_ACTIVE_ARCH = YES;
				SDKROOT = iphoneos;
				SWIFT_ACTIVE_COMPILATION_CONDITIONS = DEBUG;
				SWIFT_OPTIMIZATION_LEVEL = "-Onone";
			};
			name = Debug;
		};
		12751ED0276B878F001F3A4A /* Release */ = {
			isa = XCBuildConfiguration;
			buildSettings = {
				ALWAYS_SEARCH_USER_PATHS = NO;
				CLANG_ANALYZER_NONNULL = YES;
				CLANG_ANALYZER_NUMBER_OBJECT_CONVERSION = YES_AGGRESSIVE;
				CLANG_CXX_LANGUAGE_STANDARD = "gnu++17";
				CLANG_CXX_LIBRARY = "libc++";
				CLANG_ENABLE_MODULES = YES;
				CLANG_ENABLE_OBJC_ARC = YES;
				CLANG_ENABLE_OBJC_WEAK = YES;
				CLANG_WARN_BLOCK_CAPTURE_AUTORELEASING = YES;
				CLANG_WARN_BOOL_CONVERSION = YES;
				CLANG_WARN_COMMA = YES;
				CLANG_WARN_CONSTANT_CONVERSION = YES;
				CLANG_WARN_DEPRECATED_OBJC_IMPLEMENTATIONS = YES;
				CLANG_WARN_DIRECT_OBJC_ISA_USAGE = YES_ERROR;
				CLANG_WARN_DOCUMENTATION_COMMENTS = YES;
				CLANG_WARN_EMPTY_BODY = YES;
				CLANG_WARN_ENUM_CONVERSION = YES;
				CLANG_WARN_INFINITE_RECURSION = YES;
				CLANG_WARN_INT_CONVERSION = YES;
				CLANG_WARN_NON_LITERAL_NULL_CONVERSION = YES;
				CLANG_WARN_OBJC_IMPLICIT_RETAIN_SELF = YES;
				CLANG_WARN_OBJC_LITERAL_CONVERSION = YES;
				CLANG_WARN_OBJC_ROOT_CLASS = YES_ERROR;
				CLANG_WARN_QUOTED_INCLUDE_IN_FRAMEWORK_HEADER = YES;
				CLANG_WARN_RANGE_LOOP_ANALYSIS = YES;
				CLANG_WARN_STRICT_PROTOTYPES = YES;
				CLANG_WARN_SUSPICIOUS_MOVE = YES;
				CLANG_WARN_UNGUARDED_AVAILABILITY = YES_AGGRESSIVE;
				CLANG_WARN_UNREACHABLE_CODE = YES;
				CLANG_WARN__DUPLICATE_METHOD_MATCH = YES;
				COPY_PHASE_STRIP = NO;
				DEBUG_INFORMATION_FORMAT = "dwarf-with-dsym";
				ENABLE_NS_ASSERTIONS = NO;
				ENABLE_STRICT_OBJC_MSGSEND = YES;
				GCC_C_LANGUAGE_STANDARD = gnu11;
				GCC_NO_COMMON_BLOCKS = YES;
				GCC_WARN_64_TO_32_BIT_CONVERSION = YES;
				GCC_WARN_ABOUT_RETURN_TYPE = YES_ERROR;
				GCC_WARN_UNDECLARED_SELECTOR = YES;
				GCC_WARN_UNINITIALIZED_AUTOS = YES_AGGRESSIVE;
				GCC_WARN_UNUSED_FUNCTION = YES;
				GCC_WARN_UNUSED_VARIABLE = YES;
				IPHONEOS_DEPLOYMENT_TARGET = 15.0;
				MTL_ENABLE_DEBUG_INFO = NO;
				MTL_FAST_MATH = YES;
				SDKROOT = iphoneos;
				SWIFT_COMPILATION_MODE = wholemodule;
				SWIFT_OPTIMIZATION_LEVEL = "-O";
				VALIDATE_PRODUCT = YES;
			};
			name = Release;
		};
		12751ED2276B878F001F3A4A /* Debug */ = {
			isa = XCBuildConfiguration;
			buildSettings = {
				ASSETCATALOG_COMPILER_APPICON_NAME = AppIcon;
				ASSETCATALOG_COMPILER_GLOBAL_ACCENT_COLOR_NAME = AccentColor;
				CODE_SIGN_STYLE = Automatic;
				CURRENT_PROJECT_VERSION = 1;
				DEVELOPMENT_ASSET_PATHS = "\"SPSc/Preview Content\"";
				ENABLE_PREVIEWS = YES;
				GENERATE_INFOPLIST_FILE = YES;
				INFOPLIST_KEY_UIApplicationSceneManifest_Generation = YES;
				INFOPLIST_KEY_UIApplicationSupportsIndirectInputEvents = YES;
				INFOPLIST_KEY_UILaunchScreen_Generation = YES;
				INFOPLIST_KEY_UISupportedInterfaceOrientations_iPad = "UIInterfaceOrientationPortrait UIInterfaceOrientationPortraitUpsideDown UIInterfaceOrientationLandscapeLeft UIInterfaceOrientationLandscapeRight";
				INFOPLIST_KEY_UISupportedInterfaceOrientations_iPhone = "UIInterfaceOrientationPortrait UIInterfaceOrientationLandscapeLeft UIInterfaceOrientationLandscapeRight";
				LD_RUNPATH_SEARCH_PATHS = (
					"$(inherited)",
					"@executable_path/Frameworks",
				);
				MARKETING_VERSION = 1.0;
				PRODUCT_BUNDLE_IDENTIFIER = com.first.SPSc;
				PRODUCT_NAME = "$(TARGET_NAME)";
				SWIFT_EMIT_LOC_STRINGS = YES;
				SWIFT_VERSION = 5.0;
				TARGETED_DEVICE_FAMILY = "1,2";
			};
			name = Debug;
		};
		12751ED3276B878F001F3A4A /* Release */ = {
			isa = XCBuildConfiguration;
			buildSettings = {
				ASSETCATALOG_COMPILER_APPICON_NAME = AppIcon;
				ASSETCATALOG_COMPILER_GLOBAL_ACCENT_COLOR_NAME = AccentColor;
				CODE_SIGN_STYLE = Automatic;
				CURRENT_PROJECT_VERSION = 1;
				DEVELOPMENT_ASSET_PATHS = "\"SPSc/Preview Content\"";
				ENABLE_PREVIEWS = YES;
				GENERATE_INFOPLIST_FILE = YES;
				INFOPLIST_KEY_UIApplicationSceneManifest_Generation = YES;
				INFOPLIST_KEY_UIApplicationSupportsIndirectInputEvents = YES;
				INFOPLIST_KEY_UILaunchScreen_Generation = YES;
				INFOPLIST_KEY_UISupportedInterfaceOrientations_iPad = "UIInterfaceOrientationPortrait UIInterfaceOrientationPortraitUpsideDown UIInterfaceOrientationLandscapeLeft UIInterfaceOrientationLandscapeRight";
				INFOPLIST_KEY_UISupportedInterfaceOrientations_iPhone = "UIInterfaceOrientationPortrait UIInterfaceOrientationLandscapeLeft UIInterfaceOrientationLandscapeRight";
				LD_RUNPATH_SEARCH_PATHS = (
					"$(inherited)",
					"@executable_path/Frameworks",
				);
				MARKETING_VERSION = 1.0;
				PRODUCT_BUNDLE_IDENTIFIER = com.first.SPSc;
				PRODUCT_NAME = "$(TARGET_NAME)";
				SWIFT_EMIT_LOC_STRINGS = YES;
				SWIFT_VERSION = 5.0;
				TARGETED_DEVICE_FAMILY = "1,2";
			};
			name = Release;
		};
		12751ED5276B878F001F3A4A /* Debug */ = {
			isa = XCBuildConfiguration;
			buildSettings = {
				ALWAYS_EMBED_SWIFT_STANDARD_LIBRARIES = YES;
				BUNDLE_LOADER = "$(TEST_HOST)";
				CODE_SIGN_STYLE = Automatic;
				CURRENT_PROJECT_VERSION = 1;
				GENERATE_INFOPLIST_FILE = YES;
				IPHONEOS_DEPLOYMENT_TARGET = 15.0;
				LD_RUNPATH_SEARCH_PATHS = (
					"$(inherited)",
					"@executable_path/Frameworks",
					"@loader_path/Frameworks",
				);
				MARKETING_VERSION = 1.0;
				PRODUCT_BUNDLE_IDENTIFIER = com.first.SPScTests;
				PRODUCT_NAME = "$(TARGET_NAME)";
				SWIFT_EMIT_LOC_STRINGS = NO;
				SWIFT_VERSION = 5.0;
				TARGETED_DEVICE_FAMILY = "1,2";
				TEST_HOST = "$(BUILT_PRODUCTS_DIR)/SPSc.app/SPSc";
			};
			name = Debug;
		};
		12751ED6276B878F001F3A4A /* Release */ = {
			isa = XCBuildConfiguration;
			buildSettings = {
				ALWAYS_EMBED_SWIFT_STANDARD_LIBRARIES = YES;
				BUNDLE_LOADER = "$(TEST_HOST)";
				CODE_SIGN_STYLE = Automatic;
				CURRENT_PROJECT_VERSION = 1;
				GENERATE_INFOPLIST_FILE = YES;
				IPHONEOS_DEPLOYMENT_TARGET = 15.0;
				LD_RUNPATH_SEARCH_PATHS = (
					"$(inherited)",
					"@executable_path/Frameworks",
					"@loader_path/Frameworks",
				);
				MARKETING_VERSION = 1.0;
				PRODUCT_BUNDLE_IDENTIFIER = com.first.SPScTests;
				PRODUCT_NAME = "$(TARGET_NAME)";
				SWIFT_EMIT_LOC_STRINGS = NO;
				SWIFT_VERSION = 5.0;
				TARGETED_DEVICE_FAMILY = "1,2";
				TEST_HOST = "$(BUILT_PRODUCTS_DIR)/SPSc.app/SPSc";
			};
			name = Release;
		};
		12751ED8276B878F001F3A4A /* Debug */ = {
			isa = XCBuildConfiguration;
			buildSettings = {
				ALWAYS_EMBED_SWIFT_STANDARD_LIBRARIES = YES;
				CODE_SIGN_STYLE = Automatic;
				CURRENT_PROJECT_VERSION = 1;
				GENERATE_INFOPLIST_FILE = YES;
				LD_RUNPATH_SEARCH_PATHS = (
					"$(inherited)",
					"@executable_path/Frameworks",
					"@loader_path/Frameworks",
				);
				MARKETING_VERSION = 1.0;
				PRODUCT_BUNDLE_IDENTIFIER = com.first.SPScUITests;
				PRODUCT_NAME = "$(TARGET_NAME)";
				SWIFT_EMIT_LOC_STRINGS = NO;
				SWIFT_VERSION = 5.0;
				TARGETED_DEVICE_FAMILY = "1,2";
				TEST_TARGET_NAME = SPSc;
			};
			name = Debug;
		};
		12751ED9276B878F001F3A4A /* Release */ = {
			isa = XCBuildConfiguration;
			buildSettings = {
				ALWAYS_EMBED_SWIFT_STANDARD_LIBRARIES = YES;
				CODE_SIGN_STYLE = Automatic;
				CURRENT_PROJECT_VERSION = 1;
				GENERATE_INFOPLIST_FILE = YES;
				LD_RUNPATH_SEARCH_PATHS = (
					"$(inherited)",
					"@executable_path/Frameworks",
					"@loader_path/Frameworks",
				);
				MARKETING_VERSION = 1.0;
				PRODUCT_BUNDLE_IDENTIFIER = com.first.SPScUITests;
				PRODUCT_NAME = "$(TARGET_NAME)";
				SWIFT_EMIT_LOC_STRINGS = NO;
				SWIFT_VERSION = 5.0;
				TARGETED_DEVICE_FAMILY = "1,2";
				TEST_TARGET_NAME = SPSc;
			};
			name = Release;
		};
/* End XCBuildConfiguration section */

/* Begin XCConfigurationList section */
		12751EA8276B878D001F3A4A /* Build configuration list for PBXProject "SPSc" */ = {
			isa = XCConfigurationList;
			buildConfigurations = (
				12751ECF276B878F001F3A4A /* Debug */,
				12751ED0276B878F001F3A4A /* Release */,
			);
			defaultConfigurationIsVisible = 0;
			defaultConfigurationName = Release;
		};
		12751ED1276B878F001F3A4A /* Build configuration list for PBXNativeTarget "SPSc" */ = {
			isa = XCConfigurationList;
			buildConfigurations = (
				12751ED2276B878F001F3A4A /* Debug */,
				12751ED3276B878F001F3A4A /* Release */,
			);
			defaultConfigurationIsVisible = 0;
			defaultConfigurationName = Release;
		};
		12751ED4276B878F001F3A4A /* Build configuration list for PBXNativeTarget "SPScTests" */ = {
			isa = XCConfigurationList;
			buildConfigurations = (
				12751ED5276B878F001F3A4A /* Debug */,
				12751ED6276B878F001F3A4A /* Release */,
			);
			defaultConfigurationIsVisible = 0;
			defaultConfigurationName = Release;
		};
		12751ED7276B878F001F3A4A /* Build configuration list for PBXNativeTarget "SPScUITests" */ = {
			isa = XCConfigurationList;
			buildConfigurations = (
				12751ED8276B878F001F3A4A /* Debug */,
				12751ED9276B878F001F3A4A /* Release */,
			);
			defaultConfigurationIsVisible = 0;
			defaultConfigurationName = Release;
		};
/* End XCConfigurationList section */
	};
	rootObject = 12751EA5276B878D001F3A4A /* Project object */;
}
